
Microsoft Visual Studio Solution File, Format Version 12.00
# Visual Studio Version 16
VisualStudioVersion = 16.0.31410.357
MinimumVisualStudioVersion = 10.0.40219.1
Project("{9A19103F-16F7-4668-BE54-9A1E7A4F7556}") = "Ailos.Test.Automation.Web.OnboardingPF", "Ailos.Test.Automation.Web.OnboardingPF.csproj", "{DD0502FB-FD6E-4D65-BDC5-CA9CEB263453}"
EndProject
Project("{2150E333-8FDC-42A3-9474-1A3956D46DE8}") = "Solution Items", "Solution Items", "{5A6B6CD2-699D-4DD2-8F76-AC0D1AE01B66}"
	ProjectSection(SolutionItems) = preProject
		.editorconfig = .editorconfig
	EndProjectSection
EndProject
Global
	GlobalSection(SolutionConfigurationPlatforms) = preSolution
		Debug|Any CPU = Debug|Any CPU
		Release|Any CPU = Release|Any CPU
	EndGlobalSection
	GlobalSection(ProjectConfigurationPlatforms) = postSolution
		{DD0502FB-FD6E-4D65-BDC5-CA9CEB263453}.Debug|Any CPU.ActiveCfg = Debug|Any CPU
		{DD0502FB-FD6E-4D65-BDC5-CA9CEB263453}.Debug|Any CPU.Build.0 = Debug|Any CPU
		{DD0502FB-FD6E-4D65-BDC5-CA9CEB263453}.Release|Any CPU.ActiveCfg = Release|Any CPU
		{DD0502FB-FD6E-4D65-BDC5-CA9CEB263453}.Release|Any CPU.Build.0 = Release|Any CPU
	EndGlobalSection
	GlobalSection(SolutionProperties) = preSolution
		HideSolutionNode = FALSE
	EndGlobalSection
	GlobalSection(ExtensibilityGlobals) = postSolution
		SolutionGuid = {EA39FE64-B913-4928-80B5-6F3474525B88}
	EndGlobalSection
EndGlobal
